{
  "name": "nodejs",
  "lockfileVersion": 3,
  "requires": true,
  "packages": {
    "": {
      "dependencies": {
        "nodemailer": "^6.9.14"
      }
    },
    "node_modules/nodemailer": {
      "version": "6.9.14",
      "resolved": "https://registry.npmjs.org/nodemailer/-/nodemailer-6.9.14.tgz",
      "integrity": "sha512-Dobp/ebDKBvz91sbtRKhcznLThrKxKt97GI2FAlAyy+fk19j73Uz3sBXolVtmcXjaorivqsbbbjDY+Jkt4/bQA==",
      "license": "MIT-0",
      "engines": {
        "node": ">=6.0.0"
      }
    }
  }
}
